
Microsoft Visual Studio Solution File, Format Version 12.00
# Visual Studio Version 16
VisualStudioVersion = 16.0.35425.106
MinimumVisualStudioVersion = 10.0.40219.1
Project("{C9674DCB-5085-4A16-B785-4C70DD1589BD}") = "Integration Services Project1", "Integration Services Project1.dtproj", "{B8207D2F-F95E-4963-87E5-AFAC5B41C582}"
EndProject
Global
	GlobalSection(SolutionConfigurationPlatforms) = preSolution
		Development|Default = Development|Default
	EndGlobalSection
	GlobalSection(ProjectConfigurationPlatforms) = postSolution
		{B8207D2F-F95E-4963-87E5-AFAC5B41C582}.Development|Default.ActiveCfg = Development
		{B8207D2F-F95E-4963-87E5-AFAC5B41C582}.Development|Default.Build.0 = Development
	EndGlobalSection
	GlobalSection(SolutionProperties) = preSolution
		HideSolutionNode = FALSE
	EndGlobalSection
	GlobalSection(ExtensibilityGlobals) = postSolution
		SolutionGuid = {71B26E9D-7F45-4B39-95D7-E6741624B840}
	EndGlobalSection
EndGlobal
